
Microsoft Visual Studio Solution File, Format Version 12.00
# Visual Studio Version 16
VisualStudioVersion = 16.6.30114.105
MinimumVisualStudioVersion = 10.0.40219.1
Project("{FAE04EC0-301F-11D3-BF4B-00C04F79EFBC}") = "database-monitoring", "database-monitoring\database-monitoring.csproj", "{9A7B6917-1FE7-4783-8860-0E8A07B00836}"
EndProject
Project("{FAE04EC0-301F-11D3-BF4B-00C04F79EFBC}") = "database-monitoring.tests", "database-monitoring.tests\database-monitoring.tests.csproj", "{B2AF9935-061E-4D3C-8DBC-18C5BE3756D3}"
EndProject
Global
	GlobalSection(SolutionConfigurationPlatforms) = preSolution
		Debug|Any CPU = Debug|Any CPU
		Debug|x64 = Debug|x64
		Debug|x86 = Debug|x86
		Release|Any CPU = Release|Any CPU
		Release|x64 = Release|x64
		Release|x86 = Release|x86
	EndGlobalSection
	GlobalSection(SolutionProperties) = preSolution
		HideSolutionNode = FALSE
	EndGlobalSection
	GlobalSection(ProjectConfigurationPlatforms) = postSolution
		{9A7B6917-1FE7-4783-8860-0E8A07B00836}.Debug|Any CPU.ActiveCfg = Debug|Any CPU
		{9A7B6917-1FE7-4783-8860-0E8A07B00836}.Debug|Any CPU.Build.0 = Debug|Any CPU
		{9A7B6917-1FE7-4783-8860-0E8A07B00836}.Debug|x64.ActiveCfg = Debug|Any CPU
		{9A7B6917-1FE7-4783-8860-0E8A07B00836}.Debug|x64.Build.0 = Debug|Any CPU
		{9A7B6917-1FE7-4783-8860-0E8A07B00836}.Debug|x86.ActiveCfg = Debug|Any CPU
		{9A7B6917-1FE7-4783-8860-0E8A07B00836}.Debug|x86.Build.0 = Debug|Any CPU
		{9A7B6917-1FE7-4783-8860-0E8A07B00836}.Release|Any CPU.ActiveCfg = Release|Any CPU
		{9A7B6917-1FE7-4783-8860-0E8A07B00836}.Release|Any CPU.Build.0 = Release|Any CPU
		{9A7B6917-1FE7-4783-8860-0E8A07B00836}.Release|x64.ActiveCfg = Release|Any CPU
		{9A7B6917-1FE7-4783-8860-0E8A07B00836}.Release|x64.Build.0 = Release|Any CPU
		{9A7B6917-1FE7-4783-8860-0E8A07B00836}.Release|x86.ActiveCfg = Release|Any CPU
		{9A7B6917-1FE7-4783-8860-0E8A07B00836}.Release|x86.Build.0 = Release|Any CPU
		{B2AF9935-061E-4D3C-8DBC-18C5BE3756D3}.Debug|Any CPU.ActiveCfg = Debug|Any CPU
		{B2AF9935-061E-4D3C-8DBC-18C5BE3756D3}.Debug|Any CPU.Build.0 = Debug|Any CPU
		{B2AF9935-061E-4D3C-8DBC-18C5BE3756D3}.Debug|x64.ActiveCfg = Debug|Any CPU
		{B2AF9935-061E-4D3C-8DBC-18C5BE3756D3}.Debug|x64.Build.0 = Debug|Any CPU
		{B2AF9935-061E-4D3C-8DBC-18C5BE3756D3}.Debug|x86.ActiveCfg = Debug|Any CPU
		{B2AF9935-061E-4D3C-8DBC-18C5BE3756D3}.Debug|x86.Build.0 = Debug|Any CPU
		{B2AF9935-061E-4D3C-8DBC-18C5BE3756D3}.Release|Any CPU.ActiveCfg = Release|Any CPU
		{B2AF9935-061E-4D3C-8DBC-18C5BE3756D3}.Release|Any CPU.Build.0 = Release|Any CPU
		{B2AF9935-061E-4D3C-8DBC-18C5BE3756D3}.Release|x64.ActiveCfg = Release|Any CPU
		{B2AF9935-061E-4D3C-8DBC-18C5BE3756D3}.Release|x64.Build.0 = Release|Any CPU
		{B2AF9935-061E-4D3C-8DBC-18C5BE3756D3}.Release|x86.ActiveCfg = Release|Any CPU
		{B2AF9935-061E-4D3C-8DBC-18C5BE3756D3}.Release|x86.Build.0 = Release|Any CPU
	EndGlobalSection
EndGlobal
